
Microsoft Visual Studio Solution File, Format Version 12.00
# Visual Studio Version 17
VisualStudioVersion = 17.3.32929.385
MinimumVisualStudioVersion = 10.0.40219.1
Project("{8BC9CEB8-8B4A-11D0-8D11-00A0C91BC942}") = "ThuVienSach", "ThuVienSach\ThuVienSach.vcxproj", "{AC68AED3-EAB9-495C-ACA9-B6D982F2C045}"
EndProject
Global
	GlobalSection(SolutionConfigurationPlatforms) = preSolution
		Debug|x64 = Debug|x64
		Debug|x86 = Debug|x86
		Release|x64 = Release|x64
		Release|x86 = Release|x86
	EndGlobalSection
	GlobalSection(ProjectConfigurationPlatforms) = postSolution
		{AC68AED3-EAB9-495C-ACA9-B6D982F2C045}.Debug|x64.ActiveCfg = Debug|x64
		{AC68AED3-EAB9-495C-ACA9-B6D982F2C045}.Debug|x64.Build.0 = Debug|x64
		{AC68AED3-EAB9-495C-ACA9-B6D982F2C045}.Debug|x86.ActiveCfg = Debug|Win32
		{AC68AED3-EAB9-495C-ACA9-B6D982F2C045}.Debug|x86.Build.0 = Debug|Win32
		{AC68AED3-EAB9-495C-ACA9-B6D982F2C045}.Release|x64.ActiveCfg = Release|x64
		{AC68AED3-EAB9-495C-ACA9-B6D982F2C045}.Release|x64.Build.0 = Release|x64
		{AC68AED3-EAB9-495C-ACA9-B6D982F2C045}.Release|x86.ActiveCfg = Release|Win32
		{AC68AED3-EAB9-495C-ACA9-B6D982F2C045}.Release|x86.Build.0 = Release|Win32
	EndGlobalSection
	GlobalSection(SolutionProperties) = preSolution
		HideSolutionNode = FALSE
	EndGlobalSection
	GlobalSection(ExtensibilityGlobals) = postSolution
		SolutionGuid = {BCA9BE52-52E1-4109-8CA4-8A1EB193E170}
	EndGlobalSection
EndGlobal
